{
  "version": "5",
  "specifiers": {
    "npm:@mdit/plugin-alert@0.22.3": "0.22.3"
  },
  "npm": {
    "@mdit/plugin-alert@0.22.3": {
      "integrity": "sha512-9g99rjLCFd8upA/DXbhGmEM7GMFocy6SRk4OekxuAy9t1aDOE/r5IJgUbBIvc9kMkg39ug0yXtMkKwAt2zp5Hg==",
      "dependencies": [
        "@types/markdown-it"
      ]
    },
    "@types/linkify-it@5.0.0": {
      "integrity": "sha512-sVDA58zAw4eWAffKOaQH5/5j3XeayukzDk+ewSsnv3p4yJEZHCCzMDiZM8e0OUrRvmpGZ85jf4yDHkHsgBNr9Q=="
    },
    "@types/markdown-it@14.1.2": {
      "integrity": "sha512-promo4eFwuiW+TfGxhi+0x3czqTYJkG8qB17ZUJiVF10Xm7NLVRSLUsfRTU/6h1e24VvRnXCx+hG7li58lkzog==",
      "dependencies": [
        "@types/linkify-it",
        "@types/mdurl"
      ]
    },
    "@types/mdurl@2.0.0": {
      "integrity": "sha512-RGdgjQUZba5p6QEFAVx2OGb8rQDL/cPRG7GiedRzMcJ1tYnUANBncjbSB1NRGwbvjcPeikRABz2nshyPk1bhWg=="
    }
  },
  "workspace": {
    "dependencies": [
      "npm:@mdit/plugin-alert@0.22.3"
    ]
  }
}
